{
  "nodes": {
    "gnumach-src": {
      "flake": false,
      "locked": {
        "lastModified": 1779579592,
        "narHash": "sha256-zx+ov0whx6xZlPz8WZZzyqtInjz7ylXxmsXzHTDq2zs=",
        "owner": "paulofduarte",
        "repo": "gnumach",
        "rev": "79f3013cce0c8b8363b9a6e0e63ccb16bcbbb101",
        "type": "github"
      },
      "original": {
        "owner": "paulofduarte",
        "ref": "aarch64-tests",
        "repo": "gnumach",
        "type": "github"
      }
    },
    "mig-src": {
      "flake": false,
      "locked": {
        "lastModified": 1779829096,
        "narHash": "sha256-ImEIS3cpXxyItNU/YRqxkxbDu/8K3ZMmkufvODQ9Hrw=",
        "owner": "paulofduarte",
        "repo": "mig",
        "rev": "cb48044b30fcfe10529ecc1129dd68e93ed73835",
        "type": "github"
      },
      "original": {
        "owner": "paulofduarte",
        "ref": "master",
        "repo": "mig",
        "type": "github"
      }
    },
    "nixpkgs": {
      "locked": {
        "lastModified": 1779467186,
        "narHash": "sha256-nOesoDCiXcUftqbRBMz9tt4blI5PvljMWbm3kuCA+0s=",
        "owner": "nixos",
        "repo": "nixpkgs",
        "rev": "b77b3de8775677f84492abe84635f87b0e153f0f",
        "type": "github"
      },
      "original": {
        "owner": "nixos",
        "ref": "nixos-25.11",
        "repo": "nixpkgs",
        "type": "github"
      }
    },
    "root": {
      "inputs": {
        "gnumach-src": "gnumach-src",
        "mig-src": "mig-src",
        "nixpkgs": "nixpkgs"
      }
    }
  },
  "root": "root",
  "version": 7
}
