{
  "nodes": {
    "binutils-src": {
      "flake": false,
      "locked": {
        "lastModified": 1780873200,
        "narHash": "sha256-RGHnZZk4PbYOC9/OHQYM0s4/QpViSjeOAkdUhypcIK0=",
        "type": "tarball",
        "url": "https://ftp.gnu.org/gnu/binutils/binutils-2.46.1.tar.xz"
      },
      "original": {
        "type": "tarball",
        "url": "https://ftp.gnu.org/gnu/binutils/binutils-2.46.1.tar.xz"
      }
    },
    "build-rev": {
      "flake": false,
      "locked": {
        "path": ".build-rev",
        "type": "path"
      },
      "original": {
        "path": ".build-rev",
        "type": "path"
      },
      "parent": []
    },
    "gcc-src": {
      "flake": false,
      "locked": {
        "lastModified": 1777540041,
        "narHash": "sha256-G5WM6jNn59R8xgIaER/jReEfX0QDyua6QrEEz5qp40k=",
        "type": "tarball",
        "url": "https://ftp.gnu.org/gnu/gcc/gcc-16.1.0/gcc-16.1.0.tar.xz"
      },
      "original": {
        "type": "tarball",
        "url": "https://ftp.gnu.org/gnu/gcc/gcc-16.1.0/gcc-16.1.0.tar.xz"
      }
    },
    "glibc-src": {
      "flake": false,
      "locked": {
        "lastModified": 1769201640,
        "narHash": "sha256-D9OhzlcKnEItGfEVqQVx4v54vS9ZKoWMNz4Rt2VRik0=",
        "type": "tarball",
        "url": "https://ftp.gnu.org/gnu/glibc/glibc-2.43.tar.xz"
      },
      "original": {
        "type": "tarball",
        "url": "https://ftp.gnu.org/gnu/glibc/glibc-2.43.tar.xz"
      }
    },
    "gnumach-dev-src": {
      "flake": false,
      "locked": {
        "lastModified": 1782461969,
        "narHash": "sha256-XdIr9jPRNyHNndKEx6n5jzUsddqRxR7hrScWjhgzI68=",
        "ref": "master",
        "rev": "612abf921cf8fbbc2b136f624316beec4e813c1f",
        "revCount": 3098,
        "type": "git",
        "url": "https://git.savannah.gnu.org/git/hurd/gnumach.git"
      },
      "original": {
        "ref": "master",
        "type": "git",
        "url": "https://git.savannah.gnu.org/git/hurd/gnumach.git"
      }
    },
    "gnumach-src": {
      "flake": false,
      "locked": {
        "lastModified": 1771922911,
        "narHash": "sha256-KCqrNchAqSZbwjjqMMFY6m0Rv8yqiT2sMV1dkh1SQyM=",
        "ref": "refs/tags/v1.8+git20260224",
        "rev": "004116a3a862e872df005e8f6af0d4ea87d506fe",
        "revCount": 3042,
        "type": "git",
        "url": "https://git.savannah.gnu.org/git/hurd/gnumach.git"
      },
      "original": {
        "ref": "refs/tags/v1.8+git20260224",
        "rev": "004116a3a862e872df005e8f6af0d4ea87d506fe",
        "type": "git",
        "url": "https://git.savannah.gnu.org/git/hurd/gnumach.git"
      }
    },
    "hurd-dev-src": {
      "flake": false,
      "locked": {
        "lastModified": 1782257611,
        "narHash": "sha256-0eQE1REIGC6Ja+SJsQJ++9432Hy5bi/U/aEpiyLXqJ4=",
        "ref": "master",
        "rev": "67afa601748f18098c6e04e7093a09d87a2a53ce",
        "revCount": 13005,
        "type": "git",
        "url": "https://git.savannah.gnu.org/git/hurd/hurd.git"
      },
      "original": {
        "ref": "master",
        "type": "git",
        "url": "https://git.savannah.gnu.org/git/hurd/hurd.git"
      }
    },
    "hurd-src": {
      "flake": false,
      "locked": {
        "lastModified": 1779884182,
        "narHash": "sha256-2Uy/StdsmJR2gKZ6ykvudWAP+13eRpdFoYm65bw388A=",
        "ref": "refs/tags/v0.9.git20260527",
        "rev": "d6a94f56ef421ca92f3cd573262f6a096191b240",
        "revCount": 12991,
        "type": "git",
        "url": "https://git.savannah.gnu.org/git/hurd/hurd.git"
      },
      "original": {
        "ref": "refs/tags/v0.9.git20260527",
        "rev": "d6a94f56ef421ca92f3cd573262f6a096191b240",
        "type": "git",
        "url": "https://git.savannah.gnu.org/git/hurd/hurd.git"
      }
    },
    "mig-dev-src": {
      "flake": false,
      "locked": {
        "lastModified": 1779829096,
        "narHash": "sha256-ImEIS3cpXxyItNU/YRqxkxbDu/8K3ZMmkufvODQ9Hrw=",
        "ref": "master",
        "rev": "cb48044b30fcfe10529ecc1129dd68e93ed73835",
        "revCount": 214,
        "type": "git",
        "url": "https://git.savannah.gnu.org/git/hurd/mig.git"
      },
      "original": {
        "ref": "master",
        "type": "git",
        "url": "https://git.savannah.gnu.org/git/hurd/mig.git"
      }
    },
    "mig-src": {
      "flake": false,
      "locked": {
        "lastModified": 1702848101,
        "narHash": "sha256-j7yiewPad1ombYPyOCUULyyZjtHGh0rvB5oX/nfhp9c=",
        "ref": "refs/tags/v1.8+git20231217",
        "rev": "3b1fcb2b83bb26d43dc912884499345f561d0b6a",
        "revCount": 200,
        "type": "git",
        "url": "https://git.savannah.gnu.org/git/hurd/mig.git"
      },
      "original": {
        "ref": "refs/tags/v1.8+git20231217",
        "rev": "3b1fcb2b83bb26d43dc912884499345f561d0b6a",
        "type": "git",
        "url": "https://git.savannah.gnu.org/git/hurd/mig.git"
      }
    },
    "nixpkgs": {
      "locked": {
        "lastModified": 1782375420,
        "narHash": "sha256-wiPYmEuHbJvleW489n6+lamL7JSJg3pcKUYwURU9CkI=",
        "owner": "nixos",
        "repo": "nixpkgs",
        "rev": "4062d36ebeae843c750011eef6b61ec9a9dbc9a9",
        "type": "github"
      },
      "original": {
        "owner": "nixos",
        "ref": "nixos-26.05",
        "repo": "nixpkgs",
        "type": "github"
      }
    },
    "nixpkgs-toolchain": {
      "locked": {
        "lastModified": 1781808408,
        "narHash": "sha256-0sOb6OIaD/K1zHxBhpmlKvkADfe0n8+l4Jj2e1Q0r3w=",
        "owner": "nixos",
        "repo": "nixpkgs",
        "rev": "e8210c649915deed7080033cdbabcc19e40bb899",
        "type": "github"
      },
      "original": {
        "owner": "nixos",
        "repo": "nixpkgs",
        "rev": "e8210c649915deed7080033cdbabcc19e40bb899",
        "type": "github"
      }
    },
    "root": {
      "inputs": {
        "binutils-src": "binutils-src",
        "build-rev": "build-rev",
        "gcc-src": "gcc-src",
        "glibc-src": "glibc-src",
        "gnumach-dev-src": "gnumach-dev-src",
        "gnumach-src": "gnumach-src",
        "hurd-dev-src": "hurd-dev-src",
        "hurd-src": "hurd-src",
        "mig-dev-src": "mig-dev-src",
        "mig-src": "mig-src",
        "nixpkgs": "nixpkgs",
        "nixpkgs-toolchain": "nixpkgs-toolchain"
      }
    }
  },
  "root": "root",
  "version": 7
}
