{
  "nodes": {
    "binutils-toolchain-src": {
      "flake": false,
      "locked": {
        "lastModified": 1780873200,
        "narHash": "sha256-RGHnZZk4PbYOC9/OHQYM0s4/QpViSjeOAkdUhypcIK0=",
        "type": "tarball",
        "url": "https://ftp.gnu.org/gnu/binutils/binutils-2.46.1.tar.xz"
      },
      "original": {
        "type": "tarball",
        "url": "https://ftp.gnu.org/gnu/binutils/binutils-2.46.1.tar.xz"
      }
    },
    "build-rev": {
      "flake": false,
      "locked": {
        "path": ".build-rev",
        "type": "path"
      },
      "original": {
        "path": ".build-rev",
        "type": "path"
      },
      "parent": []
    },
    "gcc-toolchain-src": {
      "flake": false,
      "locked": {
        "lastModified": 1777540041,
        "narHash": "sha256-G5WM6jNn59R8xgIaER/jReEfX0QDyua6QrEEz5qp40k=",
        "type": "tarball",
        "url": "https://ftp.gnu.org/gnu/gcc/gcc-16.1.0/gcc-16.1.0.tar.xz"
      },
      "original": {
        "type": "tarball",
        "url": "https://ftp.gnu.org/gnu/gcc/gcc-16.1.0/gcc-16.1.0.tar.xz"
      }
    },
    "glibc-toolchain-src": {
      "flake": false,
      "locked": {
        "lastModified": 1769201640,
        "narHash": "sha256-D9OhzlcKnEItGfEVqQVx4v54vS9ZKoWMNz4Rt2VRik0=",
        "type": "tarball",
        "url": "https://ftp.gnu.org/gnu/glibc/glibc-2.43.tar.xz"
      },
      "original": {
        "type": "tarball",
        "url": "https://ftp.gnu.org/gnu/glibc/glibc-2.43.tar.xz"
      }
    },
    "gnumach-src": {
      "flake": false,
      "locked": {
        "lastModified": 1782772501,
        "narHash": "sha256-fc+J6pubpfx8BAKs1mYgIAVz4vRjTVa1vb6s8KMriKY=",
        "ref": "master",
        "rev": "dea8281ba91abe4baa2f87fb3db2c1bc9b8fb30f",
        "revCount": 3102,
        "type": "git",
        "url": "https://git.savannah.gnu.org/git/hurd/gnumach.git"
      },
      "original": {
        "ref": "master",
        "type": "git",
        "url": "https://git.savannah.gnu.org/git/hurd/gnumach.git"
      }
    },
    "gnumach-toolchain-src": {
      "flake": false,
      "locked": {
        "lastModified": 1771922911,
        "narHash": "sha256-KCqrNchAqSZbwjjqMMFY6m0Rv8yqiT2sMV1dkh1SQyM=",
        "ref": "refs/tags/v1.8+git20260224",
        "rev": "004116a3a862e872df005e8f6af0d4ea87d506fe",
        "revCount": 3042,
        "type": "git",
        "url": "https://git.savannah.gnu.org/git/hurd/gnumach.git"
      },
      "original": {
        "ref": "refs/tags/v1.8+git20260224",
        "rev": "004116a3a862e872df005e8f6af0d4ea87d506fe",
        "type": "git",
        "url": "https://git.savannah.gnu.org/git/hurd/gnumach.git"
      }
    },
    "hurd-src": {
      "flake": false,
      "locked": {
        "lastModified": 1782774076,
        "narHash": "sha256-cPpm6gxuIUWiAEy2H7FUXjzOAzZNuT0izaZboyKogp8=",
        "ref": "master",
        "rev": "d80222b97855fc3ffe9f7c1856cfd3740b5788dc",
        "revCount": 13008,
        "type": "git",
        "url": "https://git.savannah.gnu.org/git/hurd/hurd.git"
      },
      "original": {
        "ref": "master",
        "type": "git",
        "url": "https://git.savannah.gnu.org/git/hurd/hurd.git"
      }
    },
    "hurd-toolchain-src": {
      "flake": false,
      "locked": {
        "lastModified": 1779884182,
        "narHash": "sha256-2Uy/StdsmJR2gKZ6ykvudWAP+13eRpdFoYm65bw388A=",
        "ref": "refs/tags/v0.9.git20260527",
        "rev": "d6a94f56ef421ca92f3cd573262f6a096191b240",
        "revCount": 12991,
        "type": "git",
        "url": "https://git.savannah.gnu.org/git/hurd/hurd.git"
      },
      "original": {
        "ref": "refs/tags/v0.9.git20260527",
        "rev": "d6a94f56ef421ca92f3cd573262f6a096191b240",
        "type": "git",
        "url": "https://git.savannah.gnu.org/git/hurd/hurd.git"
      }
    },
    "libacpica-dep-src": {
      "flake": false,
      "locked": {
        "lastModified": 1783032626,
        "narHash": "sha256-O7P3pMRUIRitLvRJ9j5w72wt0OTnJ9ue2ZI0vH40uIo=",
        "ref": "master",
        "rev": "d4c8339690a8dd8fa850387910a8e574c4f66d5e",
        "revCount": 55,
        "type": "git",
        "url": "https://salsa.debian.org/hurd-team/libacpica.git"
      },
      "original": {
        "ref": "master",
        "rev": "d4c8339690a8dd8fa850387910a8e574c4f66d5e",
        "type": "git",
        "url": "https://salsa.debian.org/hurd-team/libacpica.git"
      }
    },
    "libpciaccess-dep-src": {
      "flake": false,
      "locked": {
        "lastModified": 1666057574,
        "narHash": "sha256-aLax6xHCUlkF9l/I5Atx/W3e9tjg5T2MqMYf06TryEI=",
        "type": "tarball",
        "url": "https://www.x.org/releases/individual/lib/libpciaccess-0.17.tar.xz"
      },
      "original": {
        "type": "tarball",
        "url": "https://www.x.org/releases/individual/lib/libpciaccess-0.17.tar.xz"
      }
    },
    "microvm": {
      "inputs": {
        "nixpkgs": [
          "nixpkgs"
        ],
        "spectrum": "spectrum"
      },
      "locked": {
        "lastModified": 1782764610,
        "narHash": "sha256-CzCF8RD9a9kwRrpeQ+z67sqqADUG0tf+4+YBSUG30y0=",
        "owner": "microvm-nix",
        "repo": "microvm.nix",
        "rev": "3904edd282a7166cdad6c597964718e6d018baa6",
        "type": "github"
      },
      "original": {
        "owner": "microvm-nix",
        "repo": "microvm.nix",
        "type": "github"
      }
    },
    "mig-src": {
      "flake": false,
      "locked": {
        "lastModified": 1779829096,
        "narHash": "sha256-ImEIS3cpXxyItNU/YRqxkxbDu/8K3ZMmkufvODQ9Hrw=",
        "ref": "master",
        "rev": "cb48044b30fcfe10529ecc1129dd68e93ed73835",
        "revCount": 214,
        "type": "git",
        "url": "https://git.savannah.gnu.org/git/hurd/mig.git"
      },
      "original": {
        "ref": "master",
        "type": "git",
        "url": "https://git.savannah.gnu.org/git/hurd/mig.git"
      }
    },
    "mig-toolchain-src": {
      "flake": false,
      "locked": {
        "lastModified": 1702848101,
        "narHash": "sha256-j7yiewPad1ombYPyOCUULyyZjtHGh0rvB5oX/nfhp9c=",
        "ref": "refs/tags/v1.8+git20231217",
        "rev": "3b1fcb2b83bb26d43dc912884499345f561d0b6a",
        "revCount": 200,
        "type": "git",
        "url": "https://git.savannah.gnu.org/git/hurd/mig.git"
      },
      "original": {
        "ref": "refs/tags/v1.8+git20231217",
        "rev": "3b1fcb2b83bb26d43dc912884499345f561d0b6a",
        "type": "git",
        "url": "https://git.savannah.gnu.org/git/hurd/mig.git"
      }
    },
    "nixpkgs": {
      "locked": {
        "lastModified": 1782847225,
        "narHash": "sha256-JC9PjqKYG9ve5U8aDOLQipp3+KLANBHUvGdLZlxzdKI=",
        "owner": "nixos",
        "repo": "nixpkgs",
        "rev": "95ca1e203c0750115fd4a6f17d5a245dfe6b1edd",
        "type": "github"
      },
      "original": {
        "owner": "nixos",
        "ref": "nixos-26.05",
        "repo": "nixpkgs",
        "type": "github"
      }
    },
    "nixpkgs-toolchain": {
      "locked": {
        "lastModified": 1781808408,
        "narHash": "sha256-0sOb6OIaD/K1zHxBhpmlKvkADfe0n8+l4Jj2e1Q0r3w=",
        "owner": "nixos",
        "repo": "nixpkgs",
        "rev": "e8210c649915deed7080033cdbabcc19e40bb899",
        "type": "github"
      },
      "original": {
        "owner": "nixos",
        "repo": "nixpkgs",
        "rev": "e8210c649915deed7080033cdbabcc19e40bb899",
        "type": "github"
      }
    },
    "root": {
      "inputs": {
        "binutils-toolchain-src": "binutils-toolchain-src",
        "build-rev": "build-rev",
        "gcc-toolchain-src": "gcc-toolchain-src",
        "glibc-toolchain-src": "glibc-toolchain-src",
        "gnumach-src": "gnumach-src",
        "gnumach-toolchain-src": "gnumach-toolchain-src",
        "hurd-src": "hurd-src",
        "hurd-toolchain-src": "hurd-toolchain-src",
        "libacpica-dep-src": "libacpica-dep-src",
        "libpciaccess-dep-src": "libpciaccess-dep-src",
        "microvm": "microvm",
        "mig-src": "mig-src",
        "mig-toolchain-src": "mig-toolchain-src",
        "nixpkgs": "nixpkgs",
        "nixpkgs-toolchain": "nixpkgs-toolchain",
        "zlib-dep-src": "zlib-dep-src"
      }
    },
    "spectrum": {
      "flake": false,
      "locked": {
        "lastModified": 1782480951,
        "narHash": "sha256-jrfyAgv5XfYDXJJ28OzANQOQIlsfNaI1kM9Mt13n+5k=",
        "ref": "refs/heads/main",
        "rev": "e4562d4c7646fea3cbb7306ff9b7ff41154c75c3",
        "revCount": 1400,
        "type": "git",
        "url": "https://spectrum-os.org/git/spectrum"
      },
      "original": {
        "type": "git",
        "url": "https://spectrum-os.org/git/spectrum"
      }
    },
    "zlib-dep-src": {
      "flake": false,
      "locked": {
        "lastModified": 1771332426,
        "narHash": "sha256-tKLefmGqB2HVUMILJ7Gqa0v9GH7fqv64d5S5kK1tcYU=",
        "type": "tarball",
        "url": "https://zlib.net/fossils/zlib-1.3.2.tar.gz"
      },
      "original": {
        "type": "tarball",
        "url": "https://zlib.net/fossils/zlib-1.3.2.tar.gz"
      }
    }
  },
  "root": "root",
  "version": 7
}
